// !$*UTF8*$!
{
	archiveVersion = 1;
	classes = {
	};
	objectVersion = 46;
	objects = {

/* Begin PBXBuildFile section */
		A18B680C1C6003EB00E4872A /* AppDelegate.swift in Sources */ = {isa = PBXBuildFile; fileRef = A18B680B1C6003EB00E4872A /* AppDelegate.swift */; };
		A18B680E1C6003EB00E4872A /* ViewController.swift in Sources */ = {isa = PBXBuildFile; fileRef = A18B680D1C6003EB00E4872A /* ViewController.swift */; };
		A18B68111C6003EB00E4872A /* Main.storyboard in Resources */ = {isa = PBXBuildFile; fileRef = A18B680F1C6003EB00E4872A /* Main.storyboard */; };
		A18B68131C6003EB00E4872A /* Assets.xcassets in Resources */ = {isa = PBXBuildFile; fileRef = A18B68121C6003EB00E4872A /* Assets.xcassets */; };
		A18B68161C6003EB00E4872A /* LaunchScreen.storyboard in Resources */ = {isa = PBXBuildFile; fileRef = A18B68141C6003EB00E4872A /* LaunchScreen.storyboard */; };
/* End PBXBuildFile section */

/* Begin PBXFileReference section */
		A18B68081C6003EB00E4872A /* HamburguesasDelMundo.app */ = {isa = PBXFileReference; explicitFileType = wrapper.application; includeInIndex = 0; path = HamburguesasDelMundo.app; sourceTree = BUILT_PRODUCTS_DIR; };
		A18B680B1C6003EB00E4872A /* AppDelegate.swift */ = {isa = PBXFileReference; lastKnownFileType = sourcecode.swift; path = AppDelegate.swift; sourceTree = "<group>"; };
		A18B680D1C6003EB00E4872A /* ViewController.swift */ = {isa = PBXFileReference; lastKnownFileType = sourcecode.swift; path = ViewController.swift; sourceTree = "<group>"; };
		A18B68101C6003EB00E4872A /* Base */ = {isa = PBXFileReference; lastKnownFileType = file.storyboard; name = Base; path = Base.lproj/Main.storyboard; sourceTree = "<group>"; };
		A18B68121C6003EB00E4872A /* Assets.xcassets */ = {isa = PBXFileReference; lastKnownFileType = folder.assetcatalog; path = Assets.xcassets; sourceTree = "<group>"; };
		A18B68151C6003EB00E4872A /* Base */ = {isa = PBXFileReference; lastKnownFileType = file.storyboard; name = Base; path = Base.lproj/LaunchScreen.storyboard; sourceTree = "<group>"; };
		A18B68171C6003EB00E4872A /* Info.plist */ = {isa = PBXFileReference; lastKnownFileType = text.plist.xml; path = Info.plist; sourceTree = "<group>"; };
/* End PBXFileReference section */

/* Begin PBXFrameworksBuildPhase section */
		A18B68051C6003EB00E4872A /* Frameworks */ = {
			isa = PBXFrameworksBuildPhase;
			buildActionMask = 2147483647;
			files = (
			);
			runOnlyForDeploymentPostprocessing = 0;
		};
/* End PBXFrameworksBuildPhase section */

/* Begin PBXGroup section */
		A18B67FF1C6003EB00E4872A = {
			isa = PBXGroup;
			children = (
				A18B680A1C6003EB00E4872A /* HamburguesasDelMundo */,
				A18B68091C6003EB00E4872A /* Products */,
			);
			sourceTree = "<group>";
		};
		A18B68091C6003EB00E4872A /* Products */ = {
			isa = PBXGroup;
			children = (
				A18B68081C6003EB00E4872A /* HamburguesasDelMundo.app */,
			);
			name = Products;
			sourceTree = "<group>";
		};
		A18B680A1C6003EB00E4872A /* HamburguesasDelMundo */ = {
			isa = PBXGroup;
			children = (
				A18B680B1C6003EB00E4872A /* AppDelegate.swift */,
				A18B680D1C6003EB00E4872A /* ViewController.swift */,
				A18B680F1C6003EB00E4872A /* Main.storyboard */,
				A18B68121C6003EB00E4872A /* Assets.xcassets */,
				A18B68141C6003EB00E4872A /* LaunchScreen.storyboard */,
				A18B68171C6003EB00E4872A /* Info.plist */,
			);
			path = HamburguesasDelMundo;
			sourceTree = "<group>";
		};
/* End PBXGroup section */

/* Begin PBXNativeTarget section */
		A18B68071C6003EB00E4872A /* HamburguesasDelMundo */ = {
			isa = PBXNativeTarget;
			buildConfigurationList = A18B681A1C6003EB00E4872A /* Build configuration list for PBXNativeTarget "HamburguesasDelMundo" */;
			buildPhases = (
				A18B68041C6003EB00E4872A /* Sources */,
				A18B68051C6003EB00E4872A /* Frameworks */,
				A18B68061C6003EB00E4872A /* Resources */,
			);
			buildRules = (
			);
			dependencies = (
			);
			name = HamburguesasDelMundo;
			productName = HamburguesasDelMundo;
			productReference = A18B68081C6003EB00E4872A /* HamburguesasDelMundo.app */;
			productType = "com.apple.product-type.application";
		};
/* End PBXNativeTarget section */

/* Begin PBXProject section */
		A18B68001C6003EB00E4872A /* Project object */ = {
			isa = PBXProject;
			attributes = {
				LastSwiftUpdateCheck = 0720;
				LastUpgradeCheck = 0720;
				ORGANIZATIONNAME = "alan milke marquez";
				TargetAttributes = {
					A18B68071C6003EB00E4872A = {
						CreatedOnToolsVersion = 7.2;
					};
				};
			};
			buildConfigurationList = A18B68031C6003EB00E4872A /* Build configuration list for PBXProject "HamburguesasDelMundo" */;
			compatibilityVersion = "Xcode 3.2";
			developmentRegion = English;
			hasScannedForEncodings = 0;
			knownRegions = (
				en,
				Base,
			);
			mainGroup = A18B67FF1C6003EB00E4872A;
			productRefGroup = A18B68091C6003EB00E4872A /* Products */;
			projectDirPath = "";
			projectRoot = "";
			targets = (
				A18B68071C6003EB00E4872A /* HamburguesasDelMundo */,
			);
		};
/* End PBXProject section */

/* Begin PBXResourcesBuildPhase section */
		A18B68061C6003EB00E4872A /* Resources */ = {
			isa = PBXResourcesBuildPhase;
			buildActionMask = 2147483647;
			files = (
				A18B68161C6003EB00E4872A /* LaunchScreen.storyboard in Resources */,
				A18B68131C6003EB00E4872A /* Assets.xcassets in Resources */,
				A18B68111C6003EB00E4872A /* Main.storyboard in Resources */,
			);
			runOnlyForDeploymentPostprocessing = 0;
		};
/* End PBXResourcesBuildPhase section */

/* Begin PBXSourcesBuildPhase section */
		A18B68041C6003EB00E4872A /* Sources */ = {
			isa = PBXSourcesBuildPhase;
			buildActionMask = 2147483647;
			files = (
				A18B680E1C6003EB00E4872A /* ViewController.swift in Sources */,
				A18B680C1C6003EB00E4872A /* AppDelegate.swift in Sources */,
			);
			runOnlyForDeploymentPostprocessing = 0;
		};
/* End PBXSourcesBuildPhase section */

/* Begin PBXVariantGroup section */
		A18B680F1C6003EB00E4872A /* Main.storyboard */ = {
			isa = PBXVariantGroup;
			children = (
				A18B68101C6003EB00E4872A /* Base */,
			);
			name = Main.storyboard;
			sourceTree = "<group>";
		};
		A18B68141C6003EB00E4872A /* LaunchScreen.storyboard */ = {
			isa = PBXVariantGroup;
			children = (
				A18B68151C6003EB00E4872A /* Base */,
			);
			name = LaunchScreen.storyboard;
			sourceTree = "<group>";
		};
/* End PBXVariantGroup section */

/* Begin XCBuildConfiguration section */
		A18B68181C6003EB00E4872A /* Debug */ = {
			isa = XCBuildConfiguration;
			buildSettings = {
				ALWAYS_SEARCH_USER_PATHS = NO;
				CLANG_CXX_LANGUAGE_STANDARD = "gnu++0x";
				CLANG_CXX_LIBRARY = "libc++";
				CLANG_ENABLE_MODULES = YES;
				CLANG_ENABLE_OBJC_ARC = YES;
				CLANG_WARN_BOOL_CONVERSION = YES;
				CLANG_WARN_CONSTANT_CONVERSION = YES;
				CLANG_WARN_DIRECT_OBJC_ISA_USAGE = YES_ERROR;
				CLANG_WARN_EMPTY_BODY = YES;
				CLANG_WARN_ENUM_CONVERSION = YES;
				CLANG_WARN_INT_CONVERSION = YES;
				CLANG_WARN_OBJC_ROOT_CLASS = YES_ERROR;
				CLANG_WARN_UNREACHABLE_CODE = YES;
				CLANG_WARN__DUPLICATE_METHOD_MATCH = YES;
				"CODE_SIGN_IDENTITY[sdk=iphoneos*]" = "iPhone Developer";
				COPY_PHASE_STRIP = NO;
				DEBUG_INFORMATION_FORMAT = dwarf;
				ENABLE_STRICT_OBJC_MSGSEND = YES;
				ENABLE_TESTABILITY = YES;
				GCC_C_LANGUAGE_STANDARD = gnu99;
				GCC_DYNAMIC_NO_PIC = NO;
				GCC_NO_COMMON_BLOCKS = YES;
				GCC_OPTIMIZATION_LEVEL = 0;
				GCC_PREPROCESSOR_DEFINITIONS = (
					"DEBUG=1",
					"$(inherited)",
				);
				GCC_WARN_64_TO_32_BIT_CONVERSION = YES;
				GCC_WARN_ABOUT_RETURN_TYPE = YES_ERROR;
				GCC_WARN_UNDECLARED_SELECTOR = YES;
				GCC_WARN_UNINITIALIZED_AUTOS = YES_AGGRESSIVE;
				GCC_WARN_UNUSED_FUNCTION = YES;
				GCC_WARN_UNUSED_VARIABLE = YES;
				IPHONEOS_DEPLOYMENT_TARGET = 9.2;
				MTL_ENABLE_DEBUG_INFO = YES;
				ONLY_ACTIVE_ARCH = YES;
				SDKROOT = iphoneos;
				SWIFT_OPTIMIZATION_LEVEL = "-Onone";
			};
			name = Debug;
		};
		A18B68191C6003EB00E4872A /* Release */ = {
			isa = XCBuildConfiguration;
			buildSettings = {
				ALWAYS_SEARCH_USER_PATHS = NO;
				CLANG_CXX_LANGUAGE_STANDARD = "gnu++0x";
				CLANG_CXX_LIBRARY = "libc++";
				CLANG_ENABLE_MODULES = YES;
				CLANG_ENABLE_OBJC_ARC = YES;
				CLANG_WARN_BOOL_CONVERSION = YES;
				CLANG_WARN_CONSTANT_CONVERSION = YES;
				CLANG_WARN_DIRECT_OBJC_ISA_USAGE = YES_ERROR;
				CLANG_WARN_EMPTY_BODY = YES;
				CLANG_WARN_ENUM_CONVERSION = YES;
				CLANG_WARN_INT_CONVERSION = YES;
				CLANG_WARN_OBJC_ROOT_CLASS = YES_ERROR;
				CLANG_WARN_UNREACHABLE_CODE = YES;
				CLANG_WARN__DUPLICATE_METHOD_MATCH = YES;
				"CODE_SIGN_IDENTITY[sdk=iphoneos*]" = "iPhone Developer";
				COPY_PHASE_STRIP = NO;
				DEBUG_INFORMATION_FORMAT = "dwarf-with-dsym";
				ENABLE_NS_ASSERTIONS = NO;
				ENABLE_STRICT_OBJC_MSGSEND = YES;
				GCC_C_LANGUAGE_STANDARD = gnu99;
				GCC_NO_COMMON_BLOCKS = YES;
				GCC_WARN_64_TO_32_BIT_CONVERSION = YES;
				GCC_WARN_ABOUT_RETURN_TYPE = YES_ERROR;
				GCC_WARN_UNDECLARED_SELECTOR = YES;
				GCC_WARN_UNINITIALIZED_AUTOS = YES_AGGRESSIVE;
				GCC_WARN_UNUSED_FUNCTION = YES;
				GCC_WARN_UNUSED_VARIABLE = YES;
				IPHONEOS_DEPLOYMENT_TARGET = 9.2;
				MTL_ENABLE_DEBUG_INFO = NO;
				SDKROOT = iphoneos;
				VALIDATE_PRODUCT = YES;
			};
			name = Release;
		};
		A18B681B1C6003EB00E4872A /* Debug */ = {
			isa = XCBuildConfiguration;
			buildSettings = {
				ASSETCATALOG_COMPILER_APPICON_NAME = AppIcon;
				INFOPLIST_FILE = HamburguesasDelMundo/Info.plist;
				LD_RUNPATH_SEARCH_PATHS = "$(inherited) @executable_path/Frameworks";
				PRODUCT_BUNDLE_IDENTIFIER = mx.milke.alan.HamburguesasDelMundo;
				PRODUCT_NAME = "$(TARGET_NAME)";
			};
			name = Debug;
		};
		A18B681C1C6003EB00E4872A /* Release */ = {
			isa = XCBuildConfiguration;
			buildSettings = {
				ASSETCATALOG_COMPILER_APPICON_NAME = AppIcon;
				INFOPLIST_FILE = HamburguesasDelMundo/Info.plist;
				LD_RUNPATH_SEARCH_PATHS = "$(inherited) @executable_path/Frameworks";
				PRODUCT_BUNDLE_IDENTIFIER = mx.milke.alan.HamburguesasDelMundo;
				PRODUCT_NAME = "$(TARGET_NAME)";
			};
			name = Release;
		};
/* End XCBuildConfiguration section */

/* Begin XCConfigurationList section */
		A18B68031C6003EB00E4872A /* Build configuration list for PBXProject "HamburguesasDelMundo" */ = {
			isa = XCConfigurationList;
			buildConfigurations = (
				A18B68181C6003EB00E4872A /* Debug */,
				A18B68191C6003EB00E4872A /* Release */,
			);
			defaultConfigurationIsVisible = 0;
			defaultConfigurationName = Release;
		};
		A18B681A1C6003EB00E4872A /* Build configuration list for PBXNativeTarget "HamburguesasDelMundo" */ = {
			isa = XCConfigurationList;
			buildConfigurations = (
				A18B681B1C6003EB00E4872A /* Debug */,
				A18B681C1C6003EB00E4872A /* Release */,
			);
			defaultConfigurationIsVisible = 0;
		};
/* End XCConfigurationList section */
	};
	rootObject = A18B68001C6003EB00E4872A /* Project object */;
}
